
Microsoft Visual Studio Solution File, Format Version 12.00
# Visual Studio 15
VisualStudioVersion = 15.0.26430.6
MinimumVisualStudioVersion = 10.0.40219.1
Project("{FAE04EC0-301F-11D3-BF4B-00C04F79EFBC}") = "Example01", "ConsoleApp1\Example01.csproj", "{F76C8FF3-A247-4FCE-B5E3-7437DF387245}"
EndProject
Project("{FAE04EC0-301F-11D3-BF4B-00C04F79EFBC}") = "Examples02", "Examples02\Examples02.csproj", "{3DBB9CEE-A160-4426-B675-088A44790AE5}"
EndProject
Project("{FAE04EC0-301F-11D3-BF4B-00C04F79EFBC}") = "Example03", "Example03\Example03.csproj", "{0F5DD128-8685-4D52-860E-6AD11C0990F5}"
EndProject
Global
	GlobalSection(SolutionConfigurationPlatforms) = preSolution
		Debug|Any CPU = Debug|Any CPU
		Release|Any CPU = Release|Any CPU
	EndGlobalSection
	GlobalSection(ProjectConfigurationPlatforms) = postSolution
		{F76C8FF3-A247-4FCE-B5E3-7437DF387245}.Debug|Any CPU.ActiveCfg = Debug|Any CPU
		{F76C8FF3-A247-4FCE-B5E3-7437DF387245}.Debug|Any CPU.Build.0 = Debug|Any CPU
		{F76C8FF3-A247-4FCE-B5E3-7437DF387245}.Release|Any CPU.ActiveCfg = Release|Any CPU
		{F76C8FF3-A247-4FCE-B5E3-7437DF387245}.Release|Any CPU.Build.0 = Release|Any CPU
		{3DBB9CEE-A160-4426-B675-088A44790AE5}.Debug|Any CPU.ActiveCfg = Debug|Any CPU
		{3DBB9CEE-A160-4426-B675-088A44790AE5}.Debug|Any CPU.Build.0 = Debug|Any CPU
		{3DBB9CEE-A160-4426-B675-088A44790AE5}.Release|Any CPU.ActiveCfg = Release|Any CPU
		{3DBB9CEE-A160-4426-B675-088A44790AE5}.Release|Any CPU.Build.0 = Release|Any CPU
		{0F5DD128-8685-4D52-860E-6AD11C0990F5}.Debug|Any CPU.ActiveCfg = Debug|Any CPU
		{0F5DD128-8685-4D52-860E-6AD11C0990F5}.Debug|Any CPU.Build.0 = Debug|Any CPU
		{0F5DD128-8685-4D52-860E-6AD11C0990F5}.Release|Any CPU.ActiveCfg = Release|Any CPU
		{0F5DD128-8685-4D52-860E-6AD11C0990F5}.Release|Any CPU.Build.0 = Release|Any CPU
	EndGlobalSection
	GlobalSection(SolutionProperties) = preSolution
		HideSolutionNode = FALSE
	EndGlobalSection
EndGlobal
